Microsoft Visual Studio Solution File, Format Version 12.00
# Visual Studio Version 17
VisualStudioVersion = 17.14.36127.28 d17.14
MinimumVisualStudioVersion = 10.0.40219.1
Project("{FAE04EC0-301F-11D3-BF4B-00C04F79EFBC}") = "MinimalReproAspireExistingAcrRg.AppHost", "MinimalReproAspireExistingAcrRg.AppHost\MinimalReproAspireExistingAcrRg.AppHost.csproj", "{98B5F8CD-2A50-46D4-B4A1-8DE8F8977F4A}"
EndProject
Global
	GlobalSection(SolutionConfigurationPlatforms) = preSolution
		Debug|Any CPU = Debug|Any CPU
		Release|Any CPU = Release|Any CPU
	EndGlobalSection
	GlobalSection(ProjectConfigurationPlatforms) = postSolution
		{98B5F8CD-2A50-46D4-B4A1-8DE8F8977F4A}.Debug|Any CPU.ActiveCfg = Debug|Any CPU
		{98B5F8CD-2A50-46D4-B4A1-8DE8F8977F4A}.Debug|Any CPU.Build.0 = Debug|Any CPU
		{98B5F8CD-2A50-46D4-B4A1-8DE8F8977F4A}.Release|Any CPU.ActiveCfg = Release|Any CPU
		{98B5F8CD-2A50-46D4-B4A1-8DE8F8977F4A}.Release|Any CPU.Build.0 = Release|Any CPU
	EndGlobalSection
	GlobalSection(SolutionProperties) = preSolution
		HideSolutionNode = FALSE
	EndGlobalSection
	GlobalSection(ExtensibilityGlobals) = postSolution
		SolutionGuid = {81731F38-C817-4581-AB11-89EA84C1423D}
	EndGlobalSection
EndGlobal
